
Microsoft Visual Studio Solution File, Format Version 12.00
# Visual Studio 15
Project("{FAE04EC0-301F-11D3-BF4B-00C04F79EFBC}") = "Assembly-CSharp-Editor", "Assembly-CSharp-Editor.csproj", "{ECA2C1BE-ACF4-CE63-55A3-0D10C34040FD}"
EndProject
Project("{FAE04EC0-301F-11D3-BF4B-00C04F79EFBC}") = "Assembly-CSharp", "Assembly-CSharp.csproj", "{17D6CDB3-065B-C1B3-ED96-D2B94B7D7661}"
EndProject
Global
	GlobalSection(SolutionConfigurationPlatforms) = preSolution
		Debug|Any CPU = Debug|Any CPU
		Release|Any CPU = Release|Any CPU
	EndGlobalSection
	GlobalSection(ProjectConfigurationPlatforms) = postSolution
		{ECA2C1BE-ACF4-CE63-55A3-0D10C34040FD}.Debug|Any CPU.ActiveCfg = Debug|Any CPU
		{ECA2C1BE-ACF4-CE63-55A3-0D10C34040FD}.Debug|Any CPU.Build.0 = Debug|Any CPU
		{ECA2C1BE-ACF4-CE63-55A3-0D10C34040FD}.Release|Any CPU.ActiveCfg = Release|Any CPU
		{ECA2C1BE-ACF4-CE63-55A3-0D10C34040FD}.Release|Any CPU.Build.0 = Release|Any CPU
		{17D6CDB3-065B-C1B3-ED96-D2B94B7D7661}.Debug|Any CPU.ActiveCfg = Debug|Any CPU
		{17D6CDB3-065B-C1B3-ED96-D2B94B7D7661}.Debug|Any CPU.Build.0 = Debug|Any CPU
		{17D6CDB3-065B-C1B3-ED96-D2B94B7D7661}.Release|Any CPU.ActiveCfg = Release|Any CPU
		{17D6CDB3-065B-C1B3-ED96-D2B94B7D7661}.Release|Any CPU.Build.0 = Release|Any CPU
	EndGlobalSection
	GlobalSection(SolutionProperties) = preSolution
		HideSolutionNode = FALSE
	EndGlobalSection
EndGlobal
